[[tools.dotnet]]
version = "8.0.414"
backend = "asdf:dotnet"

[[tools."github:pulumi/pulumictl"]]
version = "0.0.50"
backend = "github:pulumi/pulumictl"

[tools."github:pulumi/pulumictl".platforms.linux-x64]
checksum = "sha256:a988418240d3a985bdcb9753b7c65ba4b06608deb359dc2942cb8c9374abc164"
name = "pulumictl-v0.0.50-linux-amd64.tar.gz"
size = 27744219
url = "https://github.com/pulumi/pulumictl/releases/download/v0.0.50/pulumictl-v0.0.50-linux-amd64.tar.gz"
url_api = "https://api.github.com/repos/pulumi/pulumictl/releases/assets/278054496"

[[tools."github:pulumi/schema-tools"]]
version = "0.6.0"
backend = "github:pulumi/schema-tools"

[tools."github:pulumi/schema-tools".platforms.linux-x64]
checksum = "blake3:82dfe616fee18b4258f6e3d2dc3c4e9f14afd43a0a4cc33eff2d2a04088d6ca3"
name = "schema-tools-v0.6.0-linux-amd64.tar.gz"
size = 14282746
url = "https://github.com/pulumi/schema-tools/releases/download/v0.6.0/schema-tools-v0.6.0-linux-amd64.tar.gz"
url_api = "https://api.github.com/repos/pulumi/schema-tools/releases/assets/118725905"

[[tools.go]]
version = "1.24.9"
backend = "core:go"

[tools.go.platforms.linux-x64]
checksum = "sha256:5b7899591c2dd6e9da1809fde4a2fad842c45d3f6b9deb235ba82216e31e34a6"
size = 78693175
url = "https://dl.google.com/go/go1.24.9.linux-amd64.tar.gz"

[[tools.golangci-lint]]
version = "1.64.8"
backend = "aqua:golangci/golangci-lint"

[tools.golangci-lint.platforms.linux-x64]
checksum = "sha256:b6270687afb143d019f387c791cd2a6f1cb383be9b3124d241ca11bd3ce2e54e"
size = 12364828
url = "https://github.com/golangci/golangci-lint/releases/download/v1.64.8/golangci-lint-1.64.8-linux-amd64.tar.gz"

[[tools.gradle]]
version = "7.6.6"
backend = "aqua:gradle/gradle"

[tools.gradle.platforms.linux-x64]
checksum = "sha256:673d9776f303bc7048fc3329d232d6ebf1051b07893bd9d11616fad9a8673be0"
size = 128439774
url = "https://github.com/gradle/gradle-distributions/releases/download/v7.6.6/gradle-7.6.6-bin.zip"

[[tools.java]]
version = "corretto-11.0.29.7.1"
backend = "core:java"

[tools.java.platforms.linux-x64]
checksum = "sha256:279c6d3124f8b0251b16297b16687fe8b3946410b05ed27de1259b5e5cea02ba"
size = 195379320
url = "https://corretto.aws/downloads/resources/11.0.29.7.1/amazon-corretto-11.0.29.7.1-linux-x64.tar.gz"

[[tools.node]]
version = "20.19.5"
backend = "core:node"

[tools.node.platforms.linux-x64]
checksum = "sha256:4eba5fbe1fb10753bc06e42f001a91c5cec16798b7764a3e9257adc59af47fe1"
size = 47041607
url = "https://nodejs.org/dist/v20.19.5/node-v20.19.5-linux-x64.tar.gz"

[[tools."npm:yarn"]]
version = "1.22.22"
backend = "npm:yarn"

[[tools.pulumi]]
version = "3.205.0"
backend = "aqua:pulumi/pulumi"

[tools.pulumi.platforms.linux-x64]
checksum = "sha256:210540f40df959f11e8fd5fb38e288c8b86f2a16a0511db9b812adb97160f892"
size = 94479557
url = "https://github.com/pulumi/pulumi/releases/download/v3.205.0/pulumi-v3.205.0-linux-x64.tar.gz"

[[tools.python]]
version = "3.11.8"
backend = "core:python"
