[[tools.dotnet]]
version = "8.0.414"
backend = "asdf:dotnet"

[[tools."github:pulumi/pulumictl"]]
version = "0.0.50"
backend = "github:pulumi/pulumictl"

[tools."github:pulumi/pulumictl".platforms.linux-x64]
checksum = "blake3:c128dd74993f779c613296fe7cd21c20cbd323f24e59cb76e007620660b60348"
size = 27744219
url = "https://github.com/pulumi/pulumictl/releases/download/v0.0.50/pulumictl-v0.0.50-linux-amd64.tar.gz"

[[tools."github:pulumi/schema-tools"]]
version = "0.6.0"
backend = "github:pulumi/schema-tools"

[tools."github:pulumi/schema-tools".platforms.linux-x64]
checksum = "blake3:82dfe616fee18b4258f6e3d2dc3c4e9f14afd43a0a4cc33eff2d2a04088d6ca3"
size = 14282746
url = "https://github.com/pulumi/schema-tools/releases/download/v0.6.0/schema-tools-v0.6.0-linux-amd64.tar.gz"

[[tools.go]]
version = "1.24.1"
backend = "core:go"

[tools.go.platforms.linux-x64]
checksum = "sha256:cb2396bae64183cdccf81a9a6df0aea3bce9511fc21469fb89a0c00470088073"
size = 78503123
url = "https://dl.google.com/go/go1.24.1.linux-amd64.tar.gz"

[[tools.gradle]]
version = "7.6.6"
backend = "aqua:gradle/gradle"

[[tools.java]]
version = "corretto-11.0.28.6.1"
backend = "core:java"

[[tools.node]]
version = "20.19.5"
backend = "core:node"

[[tools.pulumi]]
version = "3.196.0"
backend = "aqua:pulumi/pulumi"

[tools.pulumi.platforms.linux-x64]
checksum = "sha512:d3a6269c89e26102a8541da3ee740d60244367c8d35d9e92b8005bf1b1d2db18dc93bda81a2114415263de5e81033687aefd5b516c2b49b3603cbf613994cbee"
size = 93661251
url = "https://github.com/pulumi/pulumi/releases/download/v3.196.0/pulumi-v3.196.0-linux-x64.tar.gz"

[[tools.python]]
version = "3.11.8"
backend = "core:python"
